<?xml version="1.0" encoding="utf-8"?>
<Project ToolsVersion="4.0" xmlns="http://schemas.microsoft.com/developer/msbuild/2003">
  <ItemGroup>
    <Filter Include="Shaders">
      <UniqueIdentifier>{1d3a6748-b2da-4108-9020-83bbf6c5b8ac}</UniqueIdentifier>
    </Filter>
  </ItemGroup>
  <ItemGroup>
    <ClCompile Include="src\nanovg.c" />
    <ClCompile Include="src\nanovg_gl.c" />
    <ClCompile Include="src\nanovg_d3d11.c" />
    <ClCompile Include="src\nanovg_d3d10.c" />
    <ClCompile Include="src\nanovg_d3d9.c" />
  </ItemGroup>
  <ItemGroup>
    <ClInclude Include="include\nanovg.h" />
    <ClInclude Include="include\nanovg_gl.h" />
    <ClInclude Include="include\nanovg_d3d11.h" />
    <ClInclude Include="include\nanovg_d3d10.h" />
    <ClInclude Include="include\nanovg_d3d9.h" />
  </ItemGroup>
  <ItemGroup>
    <FxCompile Include="shaders\D3D11VertexShader.hlsl">
      <Filter>Shaders</Filter>
    </FxCompile>
    <FxCompile Include="shaders\D3D11PixelShader.hlsl">
      <Filter>Shaders</Filter>
    </FxCompile>
    <FxCompile Include="shaders\D3D11PixelShaderAA.hlsl">
      <Filter>Shaders</Filter>
    </FxCompile>
    <FxCompile Include="shaders\D3D9PixelShader.hlsl">
      <Filter>Shaders</Filter>
    </FxCompile>
    <FxCompile Include="shaders\D3D9PixelShaderAA.hlsl">
      <Filter>Shaders</Filter>
    </FxCompile>
    <FxCompile Include="shaders\D3D9VertexShader.hlsl">
      <Filter>Shaders</Filter>
    </FxCompile>
  </ItemGroup>
</Project>