
Microsoft Visual Studio Solution File, Format Version 12.00
# Visual Studio 15
VisualStudioVersion = 15.0.27130.2036
MinimumVisualStudioVersion = 10.0.40219.1
Project("{8BC9CEB8-8B4A-11D0-8D11-00A0C91BC942}") = "ReShade", "ReShade.vcxproj", "{0401ADF5-D085-4A3D-95B2-D9B7896BB338}"
	ProjectSection(ProjectDependencies) = postProject
		{09C0D610-9B82-40D8-B37E-0D26E3BFF77F} = {09C0D610-9B82-40D8-B37E-0D26E3BFF77F}
		{3BDC6D1C-086F-4B99-BE68-86146FC74D35} = {3BDC6D1C-086F-4B99-BE68-86146FC74D35}
		{F1541A1E-CE3E-4D1B-87B7-F6E0D5C68B73} = {F1541A1E-CE3E-4D1B-87B7-F6E0D5C68B73}
		{9A62233B-0B70-4B48-91E8-35AA666BC32E} = {9A62233B-0B70-4B48-91E8-35AA666BC32E}
		{D80FD73E-5195-462A-B963-9A1CE30E2944} = {D80FD73E-5195-462A-B963-9A1CE30E2944}
		{D1C2099B-BEC7-4993-8947-01D4A1F7EAE2} = {D1C2099B-BEC7-4993-8947-01D4A1F7EAE2}
		{CF5F2DF4-4C59-4B66-8A0E-BC0D92792AF6} = {CF5F2DF4-4C59-4B66-8A0E-BC0D92792AF6}
		{FBE035F6-A729-465C-9EB8-1F94DFC4A8B6} = {FBE035F6-A729-465C-9EB8-1F94DFC4A8B6}
		{723BDEF8-4A39-4961-BDAB-54074012FF47} = {723BDEF8-4A39-4961-BDAB-54074012FF47}
		{783FEDFB-5124-4F8C-87BC-70AA8490266B} = {783FEDFB-5124-4F8C-87BC-70AA8490266B}
	EndProjectSection
EndProject
Project("{8BC9CEB8-8B4A-11D0-8D11-00A0C91BC942}") = "ReShade FX", "ReShadeFX.vcxproj", "{D1C2099B-BEC7-4993-8947-01D4A1F7EAE2}"
EndProject
Project("{FAE04EC0-301F-11D3-BF4B-00C04F79EFBC}") = "ReShade Setup", "setup\ReShade Setup.csproj", "{3B7009FA-0B09-4F27-8126-0885E66A5679}"
	ProjectSection(ProjectDependencies) = postProject
		{0401ADF5-D085-4A3D-95B2-D9B7896BB338} = {0401ADF5-D085-4A3D-95B2-D9B7896BB338}
	EndProjectSection
EndProject
Project("{2150E333-8FDC-42A3-9474-1A3956D46DE8}") = "deps", "deps", "{11B78243-91C3-4357-9FDD-4EAFBF4EE52B}"
EndProject
Project("{8BC9CEB8-8B4A-11D0-8D11-00A0C91BC942}") = "gl3w", "deps\gl3w.vcxproj", "{09C0D610-9B82-40D8-B37E-0D26E3BFF77F}"
EndProject
Project("{8BC9CEB8-8B4A-11D0-8D11-00A0C91BC942}") = "ImGui", "deps\ImGui.vcxproj", "{9A62233B-0B70-4B48-91E8-35AA666BC32E}"
EndProject
Project("{8BC9CEB8-8B4A-11D0-8D11-00A0C91BC942}") = "MinHook", "deps\MinHook.vcxproj", "{783FEDFB-5124-4F8C-87BC-70AA8490266B}"
EndProject
Project("{8BC9CEB8-8B4A-11D0-8D11-00A0C91BC942}") = "stb", "deps\stb.vcxproj", "{723BDEF8-4A39-4961-BDAB-54074012FF47}"
EndProject
Project("{2150E333-8FDC-42A3-9474-1A3956D46DE8}") = "tools", "tools", "{EDA44797-8501-4D24-BF3F-CCE904412ED7}"
EndProject
Project("{8BC9CEB8-8B4A-11D0-8D11-00A0C91BC942}") = "FXC", "ReShadeFXC.vcxproj", "{65640687-0740-4681-B018-17DBF33E061C}"
	ProjectSection(ProjectDependencies) = postProject
		{0401ADF5-D085-4A3D-95B2-D9B7896BB338} = {0401ADF5-D085-4A3D-95B2-D9B7896BB338}
	EndProjectSection
EndProject
Project("{8BC9CEB8-8B4A-11D0-8D11-00A0C91BC942}") = "Injector", "ReShadeInject.vcxproj", "{D388A856-4100-49AB-8FAF-62D63F8AC155}"
EndProject
Project("{2150E333-8FDC-42A3-9474-1A3956D46DE8}") = "examples", "examples", "{5FC92F22-284D-4F19-832D-3E3C369DB0B3}"
EndProject
Project("{8BC9CEB8-8B4A-11D0-8D11-00A0C91BC942}") = "GenericDepth", "examples\GenericDepthAddon.vcxproj", "{3BDC6D1C-086F-4B99-BE68-86146FC74D35}"
EndProject
Project("{8BC9CEB8-8B4A-11D0-8D11-00A0C91BC942}") = "ShaderModDump", "examples\ShaderModDumpAddon.vcxproj", "{F1541A1E-CE3E-4D1B-87B7-F6E0D5C68B73}"
EndProject
Project("{8BC9CEB8-8B4A-11D0-8D11-00A0C91BC942}") = "ShaderModReplace", "examples\ShaderModReplaceAddon.vcxproj", "{D80FD73E-5195-462A-B963-9A1CE30E2944}"
EndProject
Project("{8BC9CEB8-8B4A-11D0-8D11-00A0C91BC942}") = "TextureModDump", "examples\TextureModDumpAddon.vcxproj", "{FBE035F6-A729-465C-9EB8-1F94DFC4A8B6}"
EndProject
Project("{8BC9CEB8-8B4A-11D0-8D11-00A0C91BC942}") = "TextureModReplace", "examples\TextureModReplaceAddon.vcxproj", "{CF5F2DF4-4C59-4B66-8A0E-BC0D92792AF6}"
EndProject
Global
	GlobalSection(SolutionConfigurationPlatforms) = preSolution
		Debug App|32-bit = Debug App|32-bit
		Debug App|64-bit = Debug App|64-bit
		Debug Setup|32-bit = Debug Setup|32-bit
		Debug Setup|64-bit = Debug Setup|64-bit
		Debug|32-bit = Debug|32-bit
		Debug|64-bit = Debug|64-bit
		Release App|32-bit = Release App|32-bit
		Release App|64-bit = Release App|64-bit
		Release Setup|32-bit = Release Setup|32-bit
		Release Setup|64-bit = Release Setup|64-bit
		Release|32-bit = Release|32-bit
		Release|64-bit = Release|64-bit
	EndGlobalSection
	GlobalSection(ProjectConfigurationPlatforms) = postSolution
		{0401ADF5-D085-4A3D-95B2-D9B7896BB338}.Debug App|32-bit.ActiveCfg = Debug App|Win32
		{0401ADF5-D085-4A3D-95B2-D9B7896BB338}.Debug App|32-bit.Build.0 = Debug App|Win32
		{0401ADF5-D085-4A3D-95B2-D9B7896BB338}.Debug App|64-bit.ActiveCfg = Debug App|x64
		{0401ADF5-D085-4A3D-95B2-D9B7896BB338}.Debug App|64-bit.Build.0 = Debug App|x64
		{0401ADF5-D085-4A3D-95B2-D9B7896BB338}.Debug Setup|32-bit.ActiveCfg = Debug|Win32
		{0401ADF5-D085-4A3D-95B2-D9B7896BB338}.Debug Setup|64-bit.ActiveCfg = Debug|x64
		{0401ADF5-D085-4A3D-95B2-D9B7896BB338}.Debug|32-bit.ActiveCfg = Debug|Win32
		{0401ADF5-D085-4A3D-95B2-D9B7896BB338}.Debug|32-bit.Build.0 = Debug|Win32
		{0401ADF5-D085-4A3D-95B2-D9B7896BB338}.Debug|64-bit.ActiveCfg = Debug|x64
		{0401ADF5-D085-4A3D-95B2-D9B7896BB338}.Debug|64-bit.Build.0 = Debug|x64
		{0401ADF5-D085-4A3D-95B2-D9B7896BB338}.Release App|32-bit.ActiveCfg = Release App|Win32
		{0401ADF5-D085-4A3D-95B2-D9B7896BB338}.Release App|32-bit.Build.0 = Release App|Win32
		{0401ADF5-D085-4A3D-95B2-D9B7896BB338}.Release App|64-bit.ActiveCfg = Release App|x64
		{0401ADF5-D085-4A3D-95B2-D9B7896BB338}.Release App|64-bit.Build.0 = Release App|x64
		{0401ADF5-D085-4A3D-95B2-D9B7896BB338}.Release Setup|32-bit.ActiveCfg = Release|Win32
		{0401ADF5-D085-4A3D-95B2-D9B7896BB338}.Release Setup|64-bit.ActiveCfg = Release|x64
		{0401ADF5-D085-4A3D-95B2-D9B7896BB338}.Release|32-bit.ActiveCfg = Release|Win32
		{0401ADF5-D085-4A3D-95B2-D9B7896BB338}.Release|32-bit.Build.0 = Release|Win32
		{0401ADF5-D085-4A3D-95B2-D9B7896BB338}.Release|64-bit.ActiveCfg = Release|x64
		{0401ADF5-D085-4A3D-95B2-D9B7896BB338}.Release|64-bit.Build.0 = Release|x64
		{D1C2099B-BEC7-4993-8947-01D4A1F7EAE2}.Debug App|32-bit.ActiveCfg = Debug|Win32
		{D1C2099B-BEC7-4993-8947-01D4A1F7EAE2}.Debug App|32-bit.Build.0 = Debug|Win32
		{D1C2099B-BEC7-4993-8947-01D4A1F7EAE2}.Debug App|64-bit.ActiveCfg = Debug|x64
		{D1C2099B-BEC7-4993-8947-01D4A1F7EAE2}.Debug App|64-bit.Build.0 = Debug|x64
		{D1C2099B-BEC7-4993-8947-01D4A1F7EAE2}.Debug Setup|32-bit.ActiveCfg = Debug|Win32
		{D1C2099B-BEC7-4993-8947-01D4A1F7EAE2}.Debug Setup|64-bit.ActiveCfg = Debug|x64
		{D1C2099B-BEC7-4993-8947-01D4A1F7EAE2}.Debug|32-bit.ActiveCfg = Debug|Win32
		{D1C2099B-BEC7-4993-8947-01D4A1F7EAE2}.Debug|32-bit.Build.0 = Debug|Win32
		{D1C2099B-BEC7-4993-8947-01D4A1F7EAE2}.Debug|64-bit.ActiveCfg = Debug|x64
		{D1C2099B-BEC7-4993-8947-01D4A1F7EAE2}.Debug|64-bit.Build.0 = Debug|x64
		{D1C2099B-BEC7-4993-8947-01D4A1F7EAE2}.Release App|32-bit.ActiveCfg = Release|Win32
		{D1C2099B-BEC7-4993-8947-01D4A1F7EAE2}.Release App|32-bit.Build.0 = Release|Win32
		{D1C2099B-BEC7-4993-8947-01D4A1F7EAE2}.Release App|64-bit.ActiveCfg = Release|x64
		{D1C2099B-BEC7-4993-8947-01D4A1F7EAE2}.Release App|64-bit.Build.0 = Release|x64
		{D1C2099B-BEC7-4993-8947-01D4A1F7EAE2}.Release Setup|32-bit.ActiveCfg = Release|Win32
		{D1C2099B-BEC7-4993-8947-01D4A1F7EAE2}.Release Setup|64-bit.ActiveCfg = Release|x64
		{D1C2099B-BEC7-4993-8947-01D4A1F7EAE2}.Release|32-bit.ActiveCfg = Release|Win32
		{D1C2099B-BEC7-4993-8947-01D4A1F7EAE2}.Release|32-bit.Build.0 = Release|Win32
		{D1C2099B-BEC7-4993-8947-01D4A1F7EAE2}.Release|64-bit.ActiveCfg = Release|x64
		{D1C2099B-BEC7-4993-8947-01D4A1F7EAE2}.Release|64-bit.Build.0 = Release|x64
		{3B7009FA-0B09-4F27-8126-0885E66A5679}.Debug App|32-bit.ActiveCfg = Debug|Any CPU
		{3B7009FA-0B09-4F27-8126-0885E66A5679}.Debug App|64-bit.ActiveCfg = Debug|Any CPU
		{3B7009FA-0B09-4F27-8126-0885E66A5679}.Debug Setup|32-bit.ActiveCfg = Debug|Any CPU
		{3B7009FA-0B09-4F27-8126-0885E66A5679}.Debug Setup|32-bit.Build.0 = Debug|Any CPU
		{3B7009FA-0B09-4F27-8126-0885E66A5679}.Debug Setup|64-bit.ActiveCfg = Debug|Any CPU
		{3B7009FA-0B09-4F27-8126-0885E66A5679}.Debug Setup|64-bit.Build.0 = Debug|Any CPU
		{3B7009FA-0B09-4F27-8126-0885E66A5679}.Debug|32-bit.ActiveCfg = Debug|Any CPU
		{3B7009FA-0B09-4F27-8126-0885E66A5679}.Debug|64-bit.ActiveCfg = Debug|Any CPU
		{3B7009FA-0B09-4F27-8126-0885E66A5679}.Release App|32-bit.ActiveCfg = Release|Any CPU
		{3B7009FA-0B09-4F27-8126-0885E66A5679}.Release App|64-bit.ActiveCfg = Release|Any CPU
		{3B7009FA-0B09-4F27-8126-0885E66A5679}.Release Setup|32-bit.ActiveCfg = Release|Any CPU
		{3B7009FA-0B09-4F27-8126-0885E66A5679}.Release Setup|32-bit.Build.0 = Release|Any CPU
		{3B7009FA-0B09-4F27-8126-0885E66A5679}.Release Setup|64-bit.ActiveCfg = Release|Any CPU
		{3B7009FA-0B09-4F27-8126-0885E66A5679}.Release Setup|64-bit.Build.0 = Release|Any CPU
		{3B7009FA-0B09-4F27-8126-0885E66A5679}.Release|32-bit.ActiveCfg = Release|Any CPU
		{3B7009FA-0B09-4F27-8126-0885E66A5679}.Release|64-bit.ActiveCfg = Release|Any CPU
		{09C0D610-9B82-40D8-B37E-0D26E3BFF77F}.Debug App|32-bit.ActiveCfg = Debug|Win32
		{09C0D610-9B82-40D8-B37E-0D26E3BFF77F}.Debug App|32-bit.Build.0 = Debug|Win32
		{09C0D610-9B82-40D8-B37E-0D26E3BFF77F}.Debug App|64-bit.ActiveCfg = Debug|x64
		{09C0D610-9B82-40D8-B37E-0D26E3BFF77F}.Debug App|64-bit.Build.0 = Debug|x64
		{09C0D610-9B82-40D8-B37E-0D26E3BFF77F}.Debug Setup|32-bit.ActiveCfg = Debug|Win32
		{09C0D610-9B82-40D8-B37E-0D26E3BFF77F}.Debug Setup|64-bit.ActiveCfg = Debug|x64
		{09C0D610-9B82-40D8-B37E-0D26E3BFF77F}.Debug|32-bit.ActiveCfg = Debug|Win32
		{09C0D610-9B82-40D8-B37E-0D26E3BFF77F}.Debug|32-bit.Build.0 = Debug|Win32
		{09C0D610-9B82-40D8-B37E-0D26E3BFF77F}.Debug|64-bit.ActiveCfg = Debug|x64
		{09C0D610-9B82-40D8-B37E-0D26E3BFF77F}.Debug|64-bit.Build.0 = Debug|x64
		{09C0D610-9B82-40D8-B37E-0D26E3BFF77F}.Release App|32-bit.ActiveCfg = Release|Win32
		{09C0D610-9B82-40D8-B37E-0D26E3BFF77F}.Release App|32-bit.Build.0 = Release|Win32
		{09C0D610-9B82-40D8-B37E-0D26E3BFF77F}.Release App|64-bit.ActiveCfg = Release|x64
		{09C0D610-9B82-40D8-B37E-0D26E3BFF77F}.Release App|64-bit.Build.0 = Release|x64
		{09C0D610-9B82-40D8-B37E-0D26E3BFF77F}.Release Setup|32-bit.ActiveCfg = Release|Win32
		{09C0D610-9B82-40D8-B37E-0D26E3BFF77F}.Release Setup|64-bit.ActiveCfg = Release|x64
		{09C0D610-9B82-40D8-B37E-0D26E3BFF77F}.Release|32-bit.ActiveCfg = Release|Win32
		{09C0D610-9B82-40D8-B37E-0D26E3BFF77F}.Release|32-bit.Build.0 = Release|Win32
		{09C0D610-9B82-40D8-B37E-0D26E3BFF77F}.Release|64-bit.ActiveCfg = Release|x64
		{09C0D610-9B82-40D8-B37E-0D26E3BFF77F}.Release|64-bit.Build.0 = Release|x64
		{9A62233B-0B70-4B48-91E8-35AA666BC32E}.Debug App|32-bit.ActiveCfg = Debug|Win32
		{9A62233B-0B70-4B48-91E8-35AA666BC32E}.Debug App|32-bit.Build.0 = Debug|Win32
		{9A62233B-0B70-4B48-91E8-35AA666BC32E}.Debug App|64-bit.ActiveCfg = Debug|x64
		{9A62233B-0B70-4B48-91E8-35AA666BC32E}.Debug App|64-bit.Build.0 = Debug|x64
		{9A62233B-0B70-4B48-91E8-35AA666BC32E}.Debug Setup|32-bit.ActiveCfg = Debug|Win32
		{9A62233B-0B70-4B48-91E8-35AA666BC32E}.Debug Setup|64-bit.ActiveCfg = Debug|x64
		{9A62233B-0B70-4B48-91E8-35AA666BC32E}.Debug|32-bit.ActiveCfg = Debug|Win32
		{9A62233B-0B70-4B48-91E8-35AA666BC32E}.Debug|32-bit.Build.0 = Debug|Win32
		{9A62233B-0B70-4B48-91E8-35AA666BC32E}.Debug|64-bit.ActiveCfg = Debug|x64
		{9A62233B-0B70-4B48-91E8-35AA666BC32E}.Debug|64-bit.Build.0 = Debug|x64
		{9A62233B-0B70-4B48-91E8-35AA666BC32E}.Release App|32-bit.ActiveCfg = Release|Win32
		{9A62233B-0B70-4B48-91E8-35AA666BC32E}.Release App|32-bit.Build.0 = Release|Win32
		{9A62233B-0B70-4B48-91E8-35AA666BC32E}.Release App|64-bit.ActiveCfg = Release|x64
		{9A62233B-0B70-4B48-91E8-35AA666BC32E}.Release App|64-bit.Build.0 = Release|x64
		{9A62233B-0B70-4B48-91E8-35AA666BC32E}.Release Setup|32-bit.ActiveCfg = Release|Win32
		{9A62233B-0B70-4B48-91E8-35AA666BC32E}.Release Setup|64-bit.ActiveCfg = Release|x64
		{9A62233B-0B70-4B48-91E8-35AA666BC32E}.Release|32-bit.ActiveCfg = Release|Win32
		{9A62233B-0B70-4B48-91E8-35AA666BC32E}.Release|32-bit.Build.0 = Release|Win32
		{9A62233B-0B70-4B48-91E8-35AA666BC32E}.Release|64-bit.ActiveCfg = Release|x64
		{9A62233B-0B70-4B48-91E8-35AA666BC32E}.Release|64-bit.Build.0 = Release|x64
		{783FEDFB-5124-4F8C-87BC-70AA8490266B}.Debug App|32-bit.ActiveCfg = Debug|Win32
		{783FEDFB-5124-4F8C-87BC-70AA8490266B}.Debug App|32-bit.Build.0 = Debug|Win32
		{783FEDFB-5124-4F8C-87BC-70AA8490266B}.Debug App|64-bit.ActiveCfg = Debug|x64
		{783FEDFB-5124-4F8C-87BC-70AA8490266B}.Debug App|64-bit.Build.0 = Debug|x64
		{783FEDFB-5124-4F8C-87BC-70AA8490266B}.Debug Setup|32-bit.ActiveCfg = Debug|Win32
		{783FEDFB-5124-4F8C-87BC-70AA8490266B}.Debug Setup|64-bit.ActiveCfg = Debug|x64
		{783FEDFB-5124-4F8C-87BC-70AA8490266B}.Debug|32-bit.ActiveCfg = Debug|Win32
		{783FEDFB-5124-4F8C-87BC-70AA8490266B}.Debug|32-bit.Build.0 = Debug|Win32
		{783FEDFB-5124-4F8C-87BC-70AA8490266B}.Debug|64-bit.ActiveCfg = Debug|x64
		{783FEDFB-5124-4F8C-87BC-70AA8490266B}.Debug|64-bit.Build.0 = Debug|x64
		{783FEDFB-5124-4F8C-87BC-70AA8490266B}.Release App|32-bit.ActiveCfg = Release|Win32
		{783FEDFB-5124-4F8C-87BC-70AA8490266B}.Release App|32-bit.Build.0 = Release|Win32
		{783FEDFB-5124-4F8C-87BC-70AA8490266B}.Release App|64-bit.ActiveCfg = Release|x64
		{783FEDFB-5124-4F8C-87BC-70AA8490266B}.Release App|64-bit.Build.0 = Release|x64
		{783FEDFB-5124-4F8C-87BC-70AA8490266B}.Release Setup|32-bit.ActiveCfg = Release|Win32
		{783FEDFB-5124-4F8C-87BC-70AA8490266B}.Release Setup|64-bit.ActiveCfg = Release|x64
		{783FEDFB-5124-4F8C-87BC-70AA8490266B}.Release|32-bit.ActiveCfg = Release|Win32
		{783FEDFB-5124-4F8C-87BC-70AA8490266B}.Release|32-bit.Build.0 = Release|Win32
		{783FEDFB-5124-4F8C-87BC-70AA8490266B}.Release|64-bit.ActiveCfg = Release|x64
		{783FEDFB-5124-4F8C-87BC-70AA8490266B}.Release|64-bit.Build.0 = Release|x64
		{723BDEF8-4A39-4961-BDAB-54074012FF47}.Debug App|32-bit.ActiveCfg = Debug|Win32
		{723BDEF8-4A39-4961-BDAB-54074012FF47}.Debug App|32-bit.Build.0 = Debug|Win32
		{723BDEF8-4A39-4961-BDAB-54074012FF47}.Debug App|64-bit.ActiveCfg = Debug|x64
		{723BDEF8-4A39-4961-BDAB-54074012FF47}.Debug App|64-bit.Build.0 = Debug|x64
		{723BDEF8-4A39-4961-BDAB-54074012FF47}.Debug Setup|32-bit.ActiveCfg = Debug|Win32
		{723BDEF8-4A39-4961-BDAB-54074012FF47}.Debug Setup|64-bit.ActiveCfg = Debug|x64
		{723BDEF8-4A39-4961-BDAB-54074012FF47}.Debug|32-bit.ActiveCfg = Debug|Win32
		{723BDEF8-4A39-4961-BDAB-54074012FF47}.Debug|32-bit.Build.0 = Debug|Win32
		{723BDEF8-4A39-4961-BDAB-54074012FF47}.Debug|64-bit.ActiveCfg = Debug|x64
		{723BDEF8-4A39-4961-BDAB-54074012FF47}.Debug|64-bit.Build.0 = Debug|x64
		{723BDEF8-4A39-4961-BDAB-54074012FF47}.Release App|32-bit.ActiveCfg = Release|Win32
		{723BDEF8-4A39-4961-BDAB-54074012FF47}.Release App|32-bit.Build.0 = Release|Win32
		{723BDEF8-4A39-4961-BDAB-54074012FF47}.Release App|64-bit.ActiveCfg = Release|x64
		{723BDEF8-4A39-4961-BDAB-54074012FF47}.Release App|64-bit.Build.0 = Release|x64
		{723BDEF8-4A39-4961-BDAB-54074012FF47}.Release Setup|32-bit.ActiveCfg = Release|Win32
		{723BDEF8-4A39-4961-BDAB-54074012FF47}.Release Setup|64-bit.ActiveCfg = Release|x64
		{723BDEF8-4A39-4961-BDAB-54074012FF47}.Release|32-bit.ActiveCfg = Release|Win32
		{723BDEF8-4A39-4961-BDAB-54074012FF47}.Release|32-bit.Build.0 = Release|Win32
		{723BDEF8-4A39-4961-BDAB-54074012FF47}.Release|64-bit.ActiveCfg = Release|x64
		{723BDEF8-4A39-4961-BDAB-54074012FF47}.Release|64-bit.Build.0 = Release|x64
		{65640687-0740-4681-B018-17DBF33E061C}.Debug App|32-bit.ActiveCfg = Debug|Win32
		{65640687-0740-4681-B018-17DBF33E061C}.Debug App|64-bit.ActiveCfg = Debug|x64
		{65640687-0740-4681-B018-17DBF33E061C}.Debug Setup|32-bit.ActiveCfg = Debug|Win32
		{65640687-0740-4681-B018-17DBF33E061C}.Debug Setup|64-bit.ActiveCfg = Debug|x64
		{65640687-0740-4681-B018-17DBF33E061C}.Debug|32-bit.ActiveCfg = Debug|Win32
		{65640687-0740-4681-B018-17DBF33E061C}.Debug|32-bit.Build.0 = Debug|Win32
		{65640687-0740-4681-B018-17DBF33E061C}.Debug|64-bit.ActiveCfg = Debug|x64
		{65640687-0740-4681-B018-17DBF33E061C}.Debug|64-bit.Build.0 = Debug|x64
		{65640687-0740-4681-B018-17DBF33E061C}.Release App|32-bit.ActiveCfg = Release|Win32
		{65640687-0740-4681-B018-17DBF33E061C}.Release App|64-bit.ActiveCfg = Release|x64
		{65640687-0740-4681-B018-17DBF33E061C}.Release Setup|32-bit.ActiveCfg = Release|Win32
		{65640687-0740-4681-B018-17DBF33E061C}.Release Setup|64-bit.ActiveCfg = Release|x64
		{65640687-0740-4681-B018-17DBF33E061C}.Release|32-bit.ActiveCfg = Release|Win32
		{65640687-0740-4681-B018-17DBF33E061C}.Release|32-bit.Build.0 = Release|Win32
		{65640687-0740-4681-B018-17DBF33E061C}.Release|64-bit.ActiveCfg = Release|x64
		{65640687-0740-4681-B018-17DBF33E061C}.Release|64-bit.Build.0 = Release|x64
		{D388A856-4100-49AB-8FAF-62D63F8AC155}.Debug App|32-bit.ActiveCfg = Debug|Win32
		{D388A856-4100-49AB-8FAF-62D63F8AC155}.Debug App|64-bit.ActiveCfg = Debug|x64
		{D388A856-4100-49AB-8FAF-62D63F8AC155}.Debug Setup|32-bit.ActiveCfg = Debug|Win32
		{D388A856-4100-49AB-8FAF-62D63F8AC155}.Debug Setup|64-bit.ActiveCfg = Debug|x64
		{D388A856-4100-49AB-8FAF-62D63F8AC155}.Debug|32-bit.ActiveCfg = Debug|Win32
		{D388A856-4100-49AB-8FAF-62D63F8AC155}.Debug|32-bit.Build.0 = Debug|Win32
		{D388A856-4100-49AB-8FAF-62D63F8AC155}.Debug|64-bit.ActiveCfg = Debug|x64
		{D388A856-4100-49AB-8FAF-62D63F8AC155}.Debug|64-bit.Build.0 = Debug|x64
		{D388A856-4100-49AB-8FAF-62D63F8AC155}.Release App|32-bit.ActiveCfg = Release|Win32
		{D388A856-4100-49AB-8FAF-62D63F8AC155}.Release App|64-bit.ActiveCfg = Release|x64
		{D388A856-4100-49AB-8FAF-62D63F8AC155}.Release Setup|32-bit.ActiveCfg = Release|Win32
		{D388A856-4100-49AB-8FAF-62D63F8AC155}.Release Setup|64-bit.ActiveCfg = Release|x64
		{D388A856-4100-49AB-8FAF-62D63F8AC155}.Release|32-bit.ActiveCfg = Release|Win32
		{D388A856-4100-49AB-8FAF-62D63F8AC155}.Release|32-bit.Build.0 = Release|Win32
		{D388A856-4100-49AB-8FAF-62D63F8AC155}.Release|64-bit.ActiveCfg = Release|x64
		{D388A856-4100-49AB-8FAF-62D63F8AC155}.Release|64-bit.Build.0 = Release|x64
		{3BDC6D1C-086F-4B99-BE68-86146FC74D35}.Debug App|32-bit.ActiveCfg = Debug|Win32
		{3BDC6D1C-086F-4B99-BE68-86146FC74D35}.Debug App|64-bit.ActiveCfg = Debug|x64
		{3BDC6D1C-086F-4B99-BE68-86146FC74D35}.Debug Setup|32-bit.ActiveCfg = Debug|Win32
		{3BDC6D1C-086F-4B99-BE68-86146FC74D35}.Debug Setup|64-bit.ActiveCfg = Debug|x64
		{3BDC6D1C-086F-4B99-BE68-86146FC74D35}.Debug|32-bit.ActiveCfg = Debug Built-In|Win32
		{3BDC6D1C-086F-4B99-BE68-86146FC74D35}.Debug|32-bit.Build.0 = Debug Built-In|Win32
		{3BDC6D1C-086F-4B99-BE68-86146FC74D35}.Debug|64-bit.ActiveCfg = Debug Built-In|x64
		{3BDC6D1C-086F-4B99-BE68-86146FC74D35}.Debug|64-bit.Build.0 = Debug Built-In|x64
		{3BDC6D1C-086F-4B99-BE68-86146FC74D35}.Release App|32-bit.ActiveCfg = Release|Win32
		{3BDC6D1C-086F-4B99-BE68-86146FC74D35}.Release App|64-bit.ActiveCfg = Release|x64
		{3BDC6D1C-086F-4B99-BE68-86146FC74D35}.Release Setup|32-bit.ActiveCfg = Release|Win32
		{3BDC6D1C-086F-4B99-BE68-86146FC74D35}.Release Setup|64-bit.ActiveCfg = Release|x64
		{3BDC6D1C-086F-4B99-BE68-86146FC74D35}.Release|32-bit.ActiveCfg = Release Built-In|Win32
		{3BDC6D1C-086F-4B99-BE68-86146FC74D35}.Release|32-bit.Build.0 = Release Built-In|Win32
		{3BDC6D1C-086F-4B99-BE68-86146FC74D35}.Release|64-bit.ActiveCfg = Release Built-In|x64
		{3BDC6D1C-086F-4B99-BE68-86146FC74D35}.Release|64-bit.Build.0 = Release Built-In|x64
		{F1541A1E-CE3E-4D1B-87B7-F6E0D5C68B73}.Debug App|32-bit.ActiveCfg = Debug|Win32
		{F1541A1E-CE3E-4D1B-87B7-F6E0D5C68B73}.Debug App|64-bit.ActiveCfg = Debug|x64
		{F1541A1E-CE3E-4D1B-87B7-F6E0D5C68B73}.Debug Setup|32-bit.ActiveCfg = Debug|Win32
		{F1541A1E-CE3E-4D1B-87B7-F6E0D5C68B73}.Debug Setup|64-bit.ActiveCfg = Debug|x64
		{F1541A1E-CE3E-4D1B-87B7-F6E0D5C68B73}.Debug|32-bit.ActiveCfg = Debug|Win32
		{F1541A1E-CE3E-4D1B-87B7-F6E0D5C68B73}.Debug|64-bit.ActiveCfg = Debug|x64
		{F1541A1E-CE3E-4D1B-87B7-F6E0D5C68B73}.Release App|32-bit.ActiveCfg = Release|Win32
		{F1541A1E-CE3E-4D1B-87B7-F6E0D5C68B73}.Release App|64-bit.ActiveCfg = Release|x64
		{F1541A1E-CE3E-4D1B-87B7-F6E0D5C68B73}.Release Setup|32-bit.ActiveCfg = Release|Win32
		{F1541A1E-CE3E-4D1B-87B7-F6E0D5C68B73}.Release Setup|64-bit.ActiveCfg = Release|x64
		{F1541A1E-CE3E-4D1B-87B7-F6E0D5C68B73}.Release|32-bit.ActiveCfg = Release|Win32
		{F1541A1E-CE3E-4D1B-87B7-F6E0D5C68B73}.Release|64-bit.ActiveCfg = Release|x64
		{D80FD73E-5195-462A-B963-9A1CE30E2944}.Debug App|32-bit.ActiveCfg = Debug|Win32
		{D80FD73E-5195-462A-B963-9A1CE30E2944}.Debug App|64-bit.ActiveCfg = Debug|x64
		{D80FD73E-5195-462A-B963-9A1CE30E2944}.Debug Setup|32-bit.ActiveCfg = Debug|Win32
		{D80FD73E-5195-462A-B963-9A1CE30E2944}.Debug Setup|64-bit.ActiveCfg = Debug|x64
		{D80FD73E-5195-462A-B963-9A1CE30E2944}.Debug|32-bit.ActiveCfg = Debug|Win32
		{D80FD73E-5195-462A-B963-9A1CE30E2944}.Debug|64-bit.ActiveCfg = Debug|x64
		{D80FD73E-5195-462A-B963-9A1CE30E2944}.Release App|32-bit.ActiveCfg = Release|Win32
		{D80FD73E-5195-462A-B963-9A1CE30E2944}.Release App|64-bit.ActiveCfg = Release|x64
		{D80FD73E-5195-462A-B963-9A1CE30E2944}.Release Setup|32-bit.ActiveCfg = Release|Win32
		{D80FD73E-5195-462A-B963-9A1CE30E2944}.Release Setup|64-bit.ActiveCfg = Release|x64
		{D80FD73E-5195-462A-B963-9A1CE30E2944}.Release|32-bit.ActiveCfg = Release|Win32
		{D80FD73E-5195-462A-B963-9A1CE30E2944}.Release|64-bit.ActiveCfg = Release|x64
		{FBE035F6-A729-465C-9EB8-1F94DFC4A8B6}.Debug App|32-bit.ActiveCfg = Debug|Win32
		{FBE035F6-A729-465C-9EB8-1F94DFC4A8B6}.Debug App|64-bit.ActiveCfg = Debug|x64
		{FBE035F6-A729-465C-9EB8-1F94DFC4A8B6}.Debug Setup|32-bit.ActiveCfg = Debug|Win32
		{FBE035F6-A729-465C-9EB8-1F94DFC4A8B6}.Debug Setup|64-bit.ActiveCfg = Debug|x64
		{FBE035F6-A729-465C-9EB8-1F94DFC4A8B6}.Debug|32-bit.ActiveCfg = Debug|Win32
		{FBE035F6-A729-465C-9EB8-1F94DFC4A8B6}.Debug|64-bit.ActiveCfg = Debug|x64
		{FBE035F6-A729-465C-9EB8-1F94DFC4A8B6}.Release App|32-bit.ActiveCfg = Release|Win32
		{FBE035F6-A729-465C-9EB8-1F94DFC4A8B6}.Release App|64-bit.ActiveCfg = Release|x64
		{FBE035F6-A729-465C-9EB8-1F94DFC4A8B6}.Release Setup|32-bit.ActiveCfg = Release|Win32
		{FBE035F6-A729-465C-9EB8-1F94DFC4A8B6}.Release Setup|64-bit.ActiveCfg = Release|x64
		{FBE035F6-A729-465C-9EB8-1F94DFC4A8B6}.Release|32-bit.ActiveCfg = Release|Win32
		{FBE035F6-A729-465C-9EB8-1F94DFC4A8B6}.Release|64-bit.ActiveCfg = Release|x64
		{CF5F2DF4-4C59-4B66-8A0E-BC0D92792AF6}.Debug App|32-bit.ActiveCfg = Debug|Win32
		{CF5F2DF4-4C59-4B66-8A0E-BC0D92792AF6}.Debug App|64-bit.ActiveCfg = Debug|x64
		{CF5F2DF4-4C59-4B66-8A0E-BC0D92792AF6}.Debug Setup|32-bit.ActiveCfg = Debug|Win32
		{CF5F2DF4-4C59-4B66-8A0E-BC0D92792AF6}.Debug Setup|64-bit.ActiveCfg = Debug|x64
		{CF5F2DF4-4C59-4B66-8A0E-BC0D92792AF6}.Debug|32-bit.ActiveCfg = Debug|Win32
		{CF5F2DF4-4C59-4B66-8A0E-BC0D92792AF6}.Debug|64-bit.ActiveCfg = Debug|x64
		{CF5F2DF4-4C59-4B66-8A0E-BC0D92792AF6}.Release App|32-bit.ActiveCfg = Release|Win32
		{CF5F2DF4-4C59-4B66-8A0E-BC0D92792AF6}.Release App|64-bit.ActiveCfg = Release|x64
		{CF5F2DF4-4C59-4B66-8A0E-BC0D92792AF6}.Release Setup|32-bit.ActiveCfg = Release|Win32
		{CF5F2DF4-4C59-4B66-8A0E-BC0D92792AF6}.Release Setup|64-bit.ActiveCfg = Release|x64
		{CF5F2DF4-4C59-4B66-8A0E-BC0D92792AF6}.Release|32-bit.ActiveCfg = Release|Win32
		{CF5F2DF4-4C59-4B66-8A0E-BC0D92792AF6}.Release|64-bit.ActiveCfg = Release|x64
	EndGlobalSection
	GlobalSection(SolutionProperties) = preSolution
		HideSolutionNode = FALSE
	EndGlobalSection
	GlobalSection(NestedProjects) = preSolution
		{09C0D610-9B82-40D8-B37E-0D26E3BFF77F} = {11B78243-91C3-4357-9FDD-4EAFBF4EE52B}
		{9A62233B-0B70-4B48-91E8-35AA666BC32E} = {11B78243-91C3-4357-9FDD-4EAFBF4EE52B}
		{783FEDFB-5124-4F8C-87BC-70AA8490266B} = {11B78243-91C3-4357-9FDD-4EAFBF4EE52B}
		{723BDEF8-4A39-4961-BDAB-54074012FF47} = {11B78243-91C3-4357-9FDD-4EAFBF4EE52B}
		{65640687-0740-4681-B018-17DBF33E061C} = {EDA44797-8501-4D24-BF3F-CCE904412ED7}
		{D388A856-4100-49AB-8FAF-62D63F8AC155} = {EDA44797-8501-4D24-BF3F-CCE904412ED7}
		{5FC92F22-284D-4F19-832D-3E3C369DB0B3} = {EDA44797-8501-4D24-BF3F-CCE904412ED7}
		{3BDC6D1C-086F-4B99-BE68-86146FC74D35} = {5FC92F22-284D-4F19-832D-3E3C369DB0B3}
		{F1541A1E-CE3E-4D1B-87B7-F6E0D5C68B73} = {5FC92F22-284D-4F19-832D-3E3C369DB0B3}
		{D80FD73E-5195-462A-B963-9A1CE30E2944} = {5FC92F22-284D-4F19-832D-3E3C369DB0B3}
		{FBE035F6-A729-465C-9EB8-1F94DFC4A8B6} = {5FC92F22-284D-4F19-832D-3E3C369DB0B3}
		{CF5F2DF4-4C59-4B66-8A0E-BC0D92792AF6} = {5FC92F22-284D-4F19-832D-3E3C369DB0B3}
	EndGlobalSection
	GlobalSection(ExtensibilityGlobals) = postSolution
		SolutionGuid = {D62E660A-3A0C-4026-8DCB-D3B7959E0951}
	EndGlobalSection
EndGlobal
