<?xml version="1.0" encoding="utf-8"?>
<Project ToolsVersion="4.0" xmlns="http://schemas.microsoft.com/developer/msbuild/2003">
  <ItemGroup>
    <Filter Include="Resources">
      <UniqueIdentifier>{d408b60a-a09d-437b-9a0f-3ac6ea741b08}</UniqueIdentifier>
    </Filter>
  </ItemGroup>
  <ItemGroup>
    <ClCompile Include="src\Main.cpp" />
    <ClCompile Include="src\Manager.cpp" />
  </ItemGroup>
  <ItemGroup>
    <ClInclude Include="res\Resource.h">
      <Filter>Resources</Filter>
    </ClInclude>
    <ClInclude Include="res\Version.h">
      <Filter>Resources</Filter>
    </ClInclude>
    <ClInclude Include="src\Log.hpp" />
    <ClInclude Include="src\Manager.hpp" />
  </ItemGroup>
  <ItemGroup>
    <ResourceCompile Include="res\Resource.rc">
      <Filter>Resources</Filter>
    </ResourceCompile>
  </ItemGroup>
  <ItemGroup>
    <None Include="res\Resource.rc2">
      <Filter>Resources</Filter>
    </None>
    <None Include="res\Exports.def">
      <Filter>Resources</Filter>
    </None>
  </ItemGroup>
</Project>