
Microsoft Visual Studio Solution File, Format Version 12.00
# Visual Studio 2013
Project("{2150E333-8FDC-42A3-9474-1A3956D46DE8}") = "Program", "Program", "{2462EBED-BE0C-40BE-8BD6-04051ADE081D}"
EndProject
Project("{8BC9CEB8-8B4A-11D0-8D11-00A0C91BC942}") = "ReShade", "ReShade.vcxproj", "{0401ADF5-D085-4A3D-95B2-D9B7896BB338}"
	ProjectSection(ProjectDependencies) = postProject
		{FBF66752-143F-4325-87E9-87FB63575612} = {FBF66752-143F-4325-87E9-87FB63575612}
		{09C0D610-9B82-40D8-B37E-0D26E3BFF77F} = {09C0D610-9B82-40D8-B37E-0D26E3BFF77F}
		{F142A341-5EE0-442D-A15F-98AE9B48DBAE} = {F142A341-5EE0-442D-A15F-98AE9B48DBAE}
		{9B325F7F-A665-654A-9C8F-09206024ADE7} = {9B325F7F-A665-654A-9C8F-09206024ADE7}
		{9175EE2B-44B4-47AF-88EB-9B92CD53E52C} = {9175EE2B-44B4-47AF-88EB-9B92CD53E52C}
	EndProjectSection
EndProject
Project("{2150E333-8FDC-42A3-9474-1A3956D46DE8}") = "Dependencies", "Dependencies", "{11B78243-91C3-4357-9FDD-4EAFBF4EE52B}"
EndProject
Project("{8BC9CEB8-8B4A-11D0-8D11-00A0C91BC942}") = "FCPP", "dep\fcpp\FCPP.vcxproj", "{FBF66752-143F-4325-87E9-87FB63575612}"
EndProject
Project("{8BC9CEB8-8B4A-11D0-8D11-00A0C91BC942}") = "GL3W", "dep\gl3w\GL3W.vcxproj", "{09C0D610-9B82-40D8-B37E-0D26E3BFF77F}"
EndProject
Project("{8BC9CEB8-8B4A-11D0-8D11-00A0C91BC942}") = "MinHook", "dep\minhook\MinHook.vcxproj", "{F142A341-5EE0-442D-A15F-98AE9B48DBAE}"
EndProject
Project("{8BC9CEB8-8B4A-11D0-8D11-00A0C91BC942}") = "NanoVG", "dep\nanovg\NanoVG.vcxproj", "{9B325F7F-A665-654A-9C8F-09206024ADE7}"
	ProjectSection(ProjectDependencies) = postProject
		{09C0D610-9B82-40D8-B37E-0D26E3BFF77F} = {09C0D610-9B82-40D8-B37E-0D26E3BFF77F}
		{9175EE2B-44B4-47AF-88EB-9B92CD53E52C} = {9175EE2B-44B4-47AF-88EB-9B92CD53E52C}
	EndProjectSection
EndProject
Project("{8BC9CEB8-8B4A-11D0-8D11-00A0C91BC942}") = "STB", "dep\stb\STB.vcxproj", "{9175EE2B-44B4-47AF-88EB-9B92CD53E52C}"
EndProject
Global
	GlobalSection(SolutionConfigurationPlatforms) = preSolution
		Debug|Win32 = Debug|Win32
		Debug|x64 = Debug|x64
		Release|Win32 = Release|Win32
		Release|x64 = Release|x64
	EndGlobalSection
	GlobalSection(ProjectConfigurationPlatforms) = postSolution
		{0401ADF5-D085-4A3D-95B2-D9B7896BB338}.Debug|Win32.ActiveCfg = Debug|Win32
		{0401ADF5-D085-4A3D-95B2-D9B7896BB338}.Debug|Win32.Build.0 = Debug|Win32
		{0401ADF5-D085-4A3D-95B2-D9B7896BB338}.Debug|x64.ActiveCfg = Debug|x64
		{0401ADF5-D085-4A3D-95B2-D9B7896BB338}.Debug|x64.Build.0 = Debug|x64
		{0401ADF5-D085-4A3D-95B2-D9B7896BB338}.Release|Win32.ActiveCfg = Release|Win32
		{0401ADF5-D085-4A3D-95B2-D9B7896BB338}.Release|Win32.Build.0 = Release|Win32
		{0401ADF5-D085-4A3D-95B2-D9B7896BB338}.Release|x64.ActiveCfg = Release|x64
		{0401ADF5-D085-4A3D-95B2-D9B7896BB338}.Release|x64.Build.0 = Release|x64
		{FBF66752-143F-4325-87E9-87FB63575612}.Debug|Win32.ActiveCfg = Debug|Win32
		{FBF66752-143F-4325-87E9-87FB63575612}.Debug|Win32.Build.0 = Debug|Win32
		{FBF66752-143F-4325-87E9-87FB63575612}.Debug|x64.ActiveCfg = Debug|x64
		{FBF66752-143F-4325-87E9-87FB63575612}.Debug|x64.Build.0 = Debug|x64
		{FBF66752-143F-4325-87E9-87FB63575612}.Release|Win32.ActiveCfg = Release|Win32
		{FBF66752-143F-4325-87E9-87FB63575612}.Release|Win32.Build.0 = Release|Win32
		{FBF66752-143F-4325-87E9-87FB63575612}.Release|x64.ActiveCfg = Release|x64
		{FBF66752-143F-4325-87E9-87FB63575612}.Release|x64.Build.0 = Release|x64
		{09C0D610-9B82-40D8-B37E-0D26E3BFF77F}.Debug|Win32.ActiveCfg = Debug|Win32
		{09C0D610-9B82-40D8-B37E-0D26E3BFF77F}.Debug|Win32.Build.0 = Debug|Win32
		{09C0D610-9B82-40D8-B37E-0D26E3BFF77F}.Debug|x64.ActiveCfg = Debug|x64
		{09C0D610-9B82-40D8-B37E-0D26E3BFF77F}.Debug|x64.Build.0 = Debug|x64
		{09C0D610-9B82-40D8-B37E-0D26E3BFF77F}.Release|Win32.ActiveCfg = Release|Win32
		{09C0D610-9B82-40D8-B37E-0D26E3BFF77F}.Release|Win32.Build.0 = Release|Win32
		{09C0D610-9B82-40D8-B37E-0D26E3BFF77F}.Release|x64.ActiveCfg = Release|x64
		{09C0D610-9B82-40D8-B37E-0D26E3BFF77F}.Release|x64.Build.0 = Release|x64
		{F142A341-5EE0-442D-A15F-98AE9B48DBAE}.Debug|Win32.ActiveCfg = Debug|Win32
		{F142A341-5EE0-442D-A15F-98AE9B48DBAE}.Debug|Win32.Build.0 = Debug|Win32
		{F142A341-5EE0-442D-A15F-98AE9B48DBAE}.Debug|x64.ActiveCfg = Debug|x64
		{F142A341-5EE0-442D-A15F-98AE9B48DBAE}.Debug|x64.Build.0 = Debug|x64
		{F142A341-5EE0-442D-A15F-98AE9B48DBAE}.Release|Win32.ActiveCfg = Release|Win32
		{F142A341-5EE0-442D-A15F-98AE9B48DBAE}.Release|Win32.Build.0 = Release|Win32
		{F142A341-5EE0-442D-A15F-98AE9B48DBAE}.Release|x64.ActiveCfg = Release|x64
		{F142A341-5EE0-442D-A15F-98AE9B48DBAE}.Release|x64.Build.0 = Release|x64
		{9B325F7F-A665-654A-9C8F-09206024ADE7}.Debug|Win32.ActiveCfg = Debug|Win32
		{9B325F7F-A665-654A-9C8F-09206024ADE7}.Debug|Win32.Build.0 = Debug|Win32
		{9B325F7F-A665-654A-9C8F-09206024ADE7}.Debug|x64.ActiveCfg = Debug|x64
		{9B325F7F-A665-654A-9C8F-09206024ADE7}.Debug|x64.Build.0 = Debug|x64
		{9B325F7F-A665-654A-9C8F-09206024ADE7}.Release|Win32.ActiveCfg = Release|Win32
		{9B325F7F-A665-654A-9C8F-09206024ADE7}.Release|Win32.Build.0 = Release|Win32
		{9B325F7F-A665-654A-9C8F-09206024ADE7}.Release|x64.ActiveCfg = Release|x64
		{9B325F7F-A665-654A-9C8F-09206024ADE7}.Release|x64.Build.0 = Release|x64
		{9175EE2B-44B4-47AF-88EB-9B92CD53E52C}.Debug|Win32.ActiveCfg = Debug|Win32
		{9175EE2B-44B4-47AF-88EB-9B92CD53E52C}.Debug|Win32.Build.0 = Debug|Win32
		{9175EE2B-44B4-47AF-88EB-9B92CD53E52C}.Debug|x64.ActiveCfg = Debug|x64
		{9175EE2B-44B4-47AF-88EB-9B92CD53E52C}.Debug|x64.Build.0 = Debug|x64
		{9175EE2B-44B4-47AF-88EB-9B92CD53E52C}.Release|Win32.ActiveCfg = Release|Win32
		{9175EE2B-44B4-47AF-88EB-9B92CD53E52C}.Release|Win32.Build.0 = Release|Win32
		{9175EE2B-44B4-47AF-88EB-9B92CD53E52C}.Release|x64.ActiveCfg = Release|x64
		{9175EE2B-44B4-47AF-88EB-9B92CD53E52C}.Release|x64.Build.0 = Release|x64
	EndGlobalSection
	GlobalSection(SolutionProperties) = preSolution
		HideSolutionNode = FALSE
	EndGlobalSection
	GlobalSection(NestedProjects) = preSolution
		{0401ADF5-D085-4A3D-95B2-D9B7896BB338} = {2462EBED-BE0C-40BE-8BD6-04051ADE081D}
		{FBF66752-143F-4325-87E9-87FB63575612} = {11B78243-91C3-4357-9FDD-4EAFBF4EE52B}
		{09C0D610-9B82-40D8-B37E-0D26E3BFF77F} = {11B78243-91C3-4357-9FDD-4EAFBF4EE52B}
		{F142A341-5EE0-442D-A15F-98AE9B48DBAE} = {11B78243-91C3-4357-9FDD-4EAFBF4EE52B}
		{9B325F7F-A665-654A-9C8F-09206024ADE7} = {11B78243-91C3-4357-9FDD-4EAFBF4EE52B}
		{9175EE2B-44B4-47AF-88EB-9B92CD53E52C} = {11B78243-91C3-4357-9FDD-4EAFBF4EE52B}
	EndGlobalSection
EndGlobal
