<?xml version="1.0" encoding="utf-8"?>
<Project ToolsVersion="4.0" xmlns="http://schemas.microsoft.com/developer/msbuild/2003">
  <ItemGroup>
    <Filter Include="Resources">
      <UniqueIdentifier>{d408b60a-a09d-437b-9a0f-3ac6ea741b08}</UniqueIdentifier>
    </Filter>
    <Filter Include="Hook">
      <UniqueIdentifier>{ed3eb34b-86ef-4bb0-b071-44f1163953bf}</UniqueIdentifier>
    </Filter>
    <Filter Include="Hooks">
      <UniqueIdentifier>{3c3eb495-1eeb-4c7c-b58f-3bbcf24758f6}</UniqueIdentifier>
    </Filter>
    <Filter Include="Effect">
      <UniqueIdentifier>{b8e05bc4-05f8-43c7-b162-6a0818361b7b}</UniqueIdentifier>
    </Filter>
    <Filter Include="Effect Parser">
      <UniqueIdentifier>{c7c87b42-c441-48dc-8d08-ce6e2a6ffa9d}</UniqueIdentifier>
    </Filter>
    <Filter Include="Runtime">
      <UniqueIdentifier>{ecdb23a8-21dc-4334-b5cf-2ea57d27001d}</UniqueIdentifier>
    </Filter>
    <Filter Include="Runtimes">
      <UniqueIdentifier>{3d98f6bc-aafb-47f4-97de-20bb7012bc62}</UniqueIdentifier>
    </Filter>
  </ItemGroup>
  <ItemGroup>
    <ClCompile Include="src\Hook.cpp">
      <Filter>Hook</Filter>
    </ClCompile>
    <ClCompile Include="src\HookManager.cpp">
      <Filter>Hook</Filter>
    </ClCompile>
    <ClCompile Include="src\Hooks\d3d8.cpp">
      <Filter>Hooks</Filter>
    </ClCompile>
    <ClCompile Include="src\Hooks\d3d9.cpp">
      <Filter>Hooks</Filter>
    </ClCompile>
    <ClCompile Include="src\Hooks\d3d10.cpp">
      <Filter>Hooks</Filter>
    </ClCompile>
    <ClCompile Include="src\Hooks\d3d11.cpp">
      <Filter>Hooks</Filter>
    </ClCompile>
    <ClCompile Include="src\Hooks\dxgi.cpp">
      <Filter>Hooks</Filter>
    </ClCompile>
    <ClCompile Include="src\Hooks\opengl32.cpp">
      <Filter>Hooks</Filter>
    </ClCompile>
    <ClCompile Include="src\Hooks\ws2_32.cpp">
      <Filter>Hooks</Filter>
    </ClCompile>
    <ClCompile Include="src\Effect.cpp">
      <Filter>Effect</Filter>
    </ClCompile>
    <ClCompile Include="obj\$(Platform)\$(Configuration)\EffectLexer.cpp">
      <Filter>Effect Parser</Filter>
    </ClCompile>
    <ClCompile Include="src\EffectOptimizer.cpp">
      <Filter>Effect Parser</Filter>
    </ClCompile>
    <ClCompile Include="obj\$(Platform)\$(Configuration)\EffectParser.cpp">
      <Filter>Effect Parser</Filter>
    </ClCompile>
    <ClCompile Include="src\EffectPreprocessor.cpp">
      <Filter>Effect Parser</Filter>
    </ClCompile>
    <ClCompile Include="src\Runtime.cpp">
      <Filter>Runtime</Filter>
    </ClCompile>
    <ClCompile Include="src\Runtimes\RuntimeD3D10.cpp">
      <Filter>Runtimes</Filter>
    </ClCompile>
    <ClCompile Include="src\Runtimes\RuntimeD3D11.cpp">
      <Filter>Runtimes</Filter>
    </ClCompile>
    <ClCompile Include="src\Runtimes\RuntimeD3D9.cpp">
      <Filter>Runtimes</Filter>
    </ClCompile>
    <ClCompile Include="src\Runtimes\RuntimeGL.cpp">
      <Filter>Runtimes</Filter>
    </ClCompile>
    <ClCompile Include="src\FileWatcher.cpp">
      <Filter>Runtime</Filter>
    </ClCompile>
    <ClCompile Include="src\Main.cpp" />
  </ItemGroup>
  <ItemGroup>
    <ClInclude Include="res\Resource.h">
      <Filter>Resources</Filter>
    </ClInclude>
    <ClInclude Include="res\Version.h">
      <Filter>Resources</Filter>
    </ClInclude>
    <ClInclude Include="src\Hook.hpp">
      <Filter>Hook</Filter>
    </ClInclude>
    <ClInclude Include="src\HookManager.hpp">
      <Filter>Hook</Filter>
    </ClInclude>
    <ClInclude Include="src\Effect.hpp">
      <Filter>Effect</Filter>
    </ClInclude>
    <ClInclude Include="obj\$(Platform)\$(Configuration)\EffectLexer.h">
      <Filter>Effect Parser</Filter>
    </ClInclude>
    <ClInclude Include="src\EffectOptimizer.hpp">
      <Filter>Effect Parser</Filter>
    </ClInclude>
    <ClInclude Include="obj\$(Platform)\$(Configuration)\EffectParser.hpp">
      <Filter>Effect Parser</Filter>
    </ClInclude>
    <ClInclude Include="src\EffectParserTree.hpp">
      <Filter>Effect Parser</Filter>
    </ClInclude>
    <ClInclude Include="src\EffectPreprocessor.hpp">
      <Filter>Effect Parser</Filter>
    </ClInclude>
    <ClInclude Include="src\Runtime.hpp">
      <Filter>Runtime</Filter>
    </ClInclude>
    <ClInclude Include="src\Runtimes\RuntimeD3D10.hpp">
      <Filter>Runtimes</Filter>
    </ClInclude>
    <ClInclude Include="src\Runtimes\RuntimeD3D11.hpp">
      <Filter>Runtimes</Filter>
    </ClInclude>
    <ClInclude Include="src\Runtimes\RuntimeD3D9.hpp">
      <Filter>Runtimes</Filter>
    </ClInclude>
    <ClInclude Include="src\Runtimes\RuntimeGL.hpp">
      <Filter>Runtimes</Filter>
    </ClInclude>
    <ClInclude Include="src\FileWatcher.hpp">
      <Filter>Runtime</Filter>
    </ClInclude>
    <ClInclude Include="src\Log.hpp" />
  </ItemGroup>
  <ItemGroup>
    <ResourceCompile Include="res\Resource.rc">
      <Filter>Resources</Filter>
    </ResourceCompile>
  </ItemGroup>
  <ItemGroup>
    <None Include="res\Resource.rc2">
      <Filter>Resources</Filter>
    </None>
    <None Include="res\Exports32.def">
      <Filter>Resources</Filter>
    </None>
    <None Include="res\Exports64.def">
      <Filter>Resources</Filter>
    </None>
  </ItemGroup>
  <ItemGroup>
    <CustomBuild Include="src\EffectLexer.l">
      <Filter>Effect Parser</Filter>
    </CustomBuild>
    <CustomBuild Include="src\EffectParser.y">
      <Filter>Effect Parser</Filter>
    </CustomBuild>
  </ItemGroup>
</Project>