<?xml version="1.0" encoding="utf-8"?>
<Project ToolsVersion="4.0" xmlns="http://schemas.microsoft.com/developer/msbuild/2003">
  <ItemGroup>
    <ClCompile Include="tools\fxc.cpp" />
  </ItemGroup>
  <ItemGroup>
    <ResourceCompile Include="res\resource.rc" />
  </ItemGroup>
  <ItemGroup>
    <None Include="res\shaders\copy_ps.cso" />
    <None Include="res\shaders\fullscreen_vs.cso" />
    <None Include="res\shaders\imgui_vs.cso" />
    <None Include="res\shaders\imgui_ps.cso" />
    <None Include="res\shaders\imgui_vs.spv" />
    <None Include="res\shaders\imgui_ps.spv" />
    <None Include="res\shaders\mipmap_cs.cso" />
    <None Include="res\shaders\rcdata1.bin" />
  </ItemGroup>
  <ItemGroup>
    <FxCompile Include="res\effects\wireframe.fx" />
  </ItemGroup>
  <ItemGroup>
    <ClInclude Include="res\resource.h" />
  </ItemGroup>
</Project>