
Microsoft Visual Studio Solution File, Format Version 12.00
# Visual Studio 15
VisualStudioVersion = 15.0.28307.1705
MinimumVisualStudioVersion = 10.0.40219.1
Project("{8BC9CEB8-8B4A-11D0-8D11-00A0C91BC942}") = "Api Trace", "api_trace\ApiTraceAddon.vcxproj", "{5F86B6C7-D5F9-4EF1-AD3E-AE465CDB5CB7}"
EndProject
Project("{8BC9CEB8-8B4A-11D0-8D11-00A0C91BC942}") = "Generic Depth", "generic_depth\GenericDepthAddon.vcxproj", "{3BDC6D1C-086F-4B99-BE68-86146FC74D35}"
EndProject
Project("{8BC9CEB8-8B4A-11D0-8D11-00A0C91BC942}") = "ShaderMod Dump", "shadermod_dump\ShaderModDumpAddon.vcxproj", "{F1541A1E-CE3E-4D1B-87B7-F6E0D5C68B73}"
EndProject
Project("{8BC9CEB8-8B4A-11D0-8D11-00A0C91BC942}") = "ShaderMod Replace", "shadermod_replace\ShaderModReplaceAddon.vcxproj", "{D80FD73E-5195-462A-B963-9A1CE30E2944}"
EndProject
Project("{8BC9CEB8-8B4A-11D0-8D11-00A0C91BC942}") = "TextureMod Dump", "texturemod_dump\TextureModDumpAddon.vcxproj", "{FBE035F6-A729-465C-9EB8-1F94DFC4A8B6}"
EndProject
Project("{8BC9CEB8-8B4A-11D0-8D11-00A0C91BC942}") = "TextureMod Overlay", "texturemod_overlay\TextureModOverlayAddon.vcxproj", "{48D1B609-9FCF-423C-9157-C2FFB806A81E}"
EndProject
Project("{8BC9CEB8-8B4A-11D0-8D11-00A0C91BC942}") = "TextureMod Replace", "texturemod_replace\TextureModReplaceAddon.vcxproj", "{CF5F2DF4-4C59-4B66-8A0E-BC0D92792AF6}"
EndProject
Project("{8BC9CEB8-8B4A-11D0-8D11-00A0C91BC942}") = "Video Capture", "video_capture\VideoCaptureAddon.vcxproj", "{D9379DF9-DFF6-4190-ACC5-913D9D22AB22}"
EndProject
Global
	GlobalSection(SolutionConfigurationPlatforms) = preSolution
		Debug|x64 = Debug|x64
		Debug|x86 = Debug|x86
		Release|x64 = Release|x64
		Release|x86 = Release|x86
	EndGlobalSection
	GlobalSection(ProjectConfigurationPlatforms) = postSolution
		{5F86B6C7-D5F9-4EF1-AD3E-AE465CDB5CB7}.Debug|x64.ActiveCfg = Debug|x64
		{5F86B6C7-D5F9-4EF1-AD3E-AE465CDB5CB7}.Debug|x64.Build.0 = Debug|x64
		{5F86B6C7-D5F9-4EF1-AD3E-AE465CDB5CB7}.Debug|x86.ActiveCfg = Debug|Win32
		{5F86B6C7-D5F9-4EF1-AD3E-AE465CDB5CB7}.Debug|x86.Build.0 = Debug|Win32
		{5F86B6C7-D5F9-4EF1-AD3E-AE465CDB5CB7}.Release|x64.ActiveCfg = Release|x64
		{5F86B6C7-D5F9-4EF1-AD3E-AE465CDB5CB7}.Release|x64.Build.0 = Release|x64
		{5F86B6C7-D5F9-4EF1-AD3E-AE465CDB5CB7}.Release|x86.ActiveCfg = Release|Win32
		{5F86B6C7-D5F9-4EF1-AD3E-AE465CDB5CB7}.Release|x86.Build.0 = Release|Win32
		{3BDC6D1C-086F-4B99-BE68-86146FC74D35}.Debug|x64.ActiveCfg = Debug|x64
		{3BDC6D1C-086F-4B99-BE68-86146FC74D35}.Debug|x64.Build.0 = Debug|x64
		{3BDC6D1C-086F-4B99-BE68-86146FC74D35}.Debug|x86.ActiveCfg = Debug|Win32
		{3BDC6D1C-086F-4B99-BE68-86146FC74D35}.Debug|x86.Build.0 = Debug|Win32
		{3BDC6D1C-086F-4B99-BE68-86146FC74D35}.Release|x64.ActiveCfg = Release|x64
		{3BDC6D1C-086F-4B99-BE68-86146FC74D35}.Release|x64.Build.0 = Release|x64
		{3BDC6D1C-086F-4B99-BE68-86146FC74D35}.Release|x86.ActiveCfg = Release|Win32
		{3BDC6D1C-086F-4B99-BE68-86146FC74D35}.Release|x86.Build.0 = Release|Win32
		{F1541A1E-CE3E-4D1B-87B7-F6E0D5C68B73}.Debug|x64.ActiveCfg = Debug|x64
		{F1541A1E-CE3E-4D1B-87B7-F6E0D5C68B73}.Debug|x64.Build.0 = Debug|x64
		{F1541A1E-CE3E-4D1B-87B7-F6E0D5C68B73}.Debug|x86.ActiveCfg = Debug|Win32
		{F1541A1E-CE3E-4D1B-87B7-F6E0D5C68B73}.Debug|x86.Build.0 = Debug|Win32
		{F1541A1E-CE3E-4D1B-87B7-F6E0D5C68B73}.Release|x64.ActiveCfg = Release|x64
		{F1541A1E-CE3E-4D1B-87B7-F6E0D5C68B73}.Release|x64.Build.0 = Release|x64
		{F1541A1E-CE3E-4D1B-87B7-F6E0D5C68B73}.Release|x86.ActiveCfg = Release|Win32
		{F1541A1E-CE3E-4D1B-87B7-F6E0D5C68B73}.Release|x86.Build.0 = Release|Win32
		{D80FD73E-5195-462A-B963-9A1CE30E2944}.Debug|x64.ActiveCfg = Debug|x64
		{D80FD73E-5195-462A-B963-9A1CE30E2944}.Debug|x64.Build.0 = Debug|x64
		{D80FD73E-5195-462A-B963-9A1CE30E2944}.Debug|x86.ActiveCfg = Debug|Win32
		{D80FD73E-5195-462A-B963-9A1CE30E2944}.Debug|x86.Build.0 = Debug|Win32
		{D80FD73E-5195-462A-B963-9A1CE30E2944}.Release|x64.ActiveCfg = Release|x64
		{D80FD73E-5195-462A-B963-9A1CE30E2944}.Release|x64.Build.0 = Release|x64
		{D80FD73E-5195-462A-B963-9A1CE30E2944}.Release|x86.ActiveCfg = Release|Win32
		{D80FD73E-5195-462A-B963-9A1CE30E2944}.Release|x86.Build.0 = Release|Win32
		{FBE035F6-A729-465C-9EB8-1F94DFC4A8B6}.Debug|x64.ActiveCfg = Debug|x64
		{FBE035F6-A729-465C-9EB8-1F94DFC4A8B6}.Debug|x64.Build.0 = Debug|x64
		{FBE035F6-A729-465C-9EB8-1F94DFC4A8B6}.Debug|x86.ActiveCfg = Debug|Win32
		{FBE035F6-A729-465C-9EB8-1F94DFC4A8B6}.Debug|x86.Build.0 = Debug|Win32
		{FBE035F6-A729-465C-9EB8-1F94DFC4A8B6}.Release|x64.ActiveCfg = Release|x64
		{FBE035F6-A729-465C-9EB8-1F94DFC4A8B6}.Release|x64.Build.0 = Release|x64
		{FBE035F6-A729-465C-9EB8-1F94DFC4A8B6}.Release|x86.ActiveCfg = Release|Win32
		{FBE035F6-A729-465C-9EB8-1F94DFC4A8B6}.Release|x86.Build.0 = Release|Win32
		{48D1B609-9FCF-423C-9157-C2FFB806A81E}.Debug|x64.ActiveCfg = Debug|x64
		{48D1B609-9FCF-423C-9157-C2FFB806A81E}.Debug|x64.Build.0 = Debug|x64
		{48D1B609-9FCF-423C-9157-C2FFB806A81E}.Debug|x86.ActiveCfg = Debug|Win32
		{48D1B609-9FCF-423C-9157-C2FFB806A81E}.Debug|x86.Build.0 = Debug|Win32
		{48D1B609-9FCF-423C-9157-C2FFB806A81E}.Release|x64.ActiveCfg = Release|x64
		{48D1B609-9FCF-423C-9157-C2FFB806A81E}.Release|x64.Build.0 = Release|x64
		{48D1B609-9FCF-423C-9157-C2FFB806A81E}.Release|x86.ActiveCfg = Release|Win32
		{48D1B609-9FCF-423C-9157-C2FFB806A81E}.Release|x86.Build.0 = Release|Win32
		{CF5F2DF4-4C59-4B66-8A0E-BC0D92792AF6}.Debug|x64.ActiveCfg = Debug|x64
		{CF5F2DF4-4C59-4B66-8A0E-BC0D92792AF6}.Debug|x64.Build.0 = Debug|x64
		{CF5F2DF4-4C59-4B66-8A0E-BC0D92792AF6}.Debug|x86.ActiveCfg = Debug|Win32
		{CF5F2DF4-4C59-4B66-8A0E-BC0D92792AF6}.Debug|x86.Build.0 = Debug|Win32
		{CF5F2DF4-4C59-4B66-8A0E-BC0D92792AF6}.Release|x64.ActiveCfg = Release|x64
		{CF5F2DF4-4C59-4B66-8A0E-BC0D92792AF6}.Release|x64.Build.0 = Release|x64
		{CF5F2DF4-4C59-4B66-8A0E-BC0D92792AF6}.Release|x86.ActiveCfg = Release|Win32
		{CF5F2DF4-4C59-4B66-8A0E-BC0D92792AF6}.Release|x86.Build.0 = Release|Win32
		{D9379DF9-DFF6-4190-ACC5-913D9D22AB22}.Debug|x64.ActiveCfg = Debug|x64
		{D9379DF9-DFF6-4190-ACC5-913D9D22AB22}.Debug|x86.ActiveCfg = Debug|x64
		{D9379DF9-DFF6-4190-ACC5-913D9D22AB22}.Release|x64.ActiveCfg = Release|x64
		{D9379DF9-DFF6-4190-ACC5-913D9D22AB22}.Release|x86.ActiveCfg = Release|x64
	EndGlobalSection
	GlobalSection(SolutionProperties) = preSolution
		HideSolutionNode = FALSE
	EndGlobalSection
	GlobalSection(ExtensibilityGlobals) = postSolution
		SolutionGuid = {91D46C18-E4DA-4FAE-9B8F-8282D6F9BA63}
	EndGlobalSection
EndGlobal
